{
  "originHash" : "c65ca8efc161c0032bef475e49cd2e65d26365022016aa6a72d518498e202c59",
  "pins" : [
    {
      "identity" : "clevertap-ios-sdk",
      "kind" : "remoteSourceControl",
      "location" : "https://github.com/CleverTap/clevertap-ios-sdk",
      "state" : {
        "revision" : "7ea6bced987821a1f69ac3869e29f8963b8e31f5",
        "version" : "7.7.1"
      }
    },
    {
      "identity" : "leanplum-ios-sdk",
      "kind" : "remoteSourceControl",
      "location" : "https://github.com/Leanplum/Leanplum-iOS-SDK",
      "state" : {
        "revision" : "0a1f2142bab6db644bb96b7b474e42c1285b1001",
        "version" : "6.6.1"
      }
    }
  ],
  "version" : 3
}
